
Microsoft Visual Studio Solution File, Format Version 12.00
# Visual Studio Version 16
VisualStudioVersion = 16.0.31313.79
MinimumVisualStudioVersion = 10.0.40219.1
Project("{FAE04EC0-301F-11D3-BF4B-00C04F79EFBC}") = "RMDataManager", "RMDataManager\RMDataManager.csproj", "{CFF29FB8-3A29-4997-9180-BB22E7C7597A}"
EndProject
Project("{00D1A9C2-B5F0-4AF3-8072-F6C62B433612}") = "RMData", "RMData\RMData.sqlproj", "{5A3D1E2D-D95B-42DB-87A4-273D672EB72F}"
EndProject
Global
	GlobalSection(SolutionConfigurationPlatforms) = preSolution
		Debug|Any CPU = Debug|Any CPU
		Release|Any CPU = Release|Any CPU
	EndGlobalSection
	GlobalSection(ProjectConfigurationPlatforms) = postSolution
		{CFF29FB8-3A29-4997-9180-BB22E7C7597A}.Debug|Any CPU.ActiveCfg = Debug|Any CPU
		{CFF29FB8-3A29-4997-9180-BB22E7C7597A}.Debug|Any CPU.Build.0 = Debug|Any CPU
		{CFF29FB8-3A29-4997-9180-BB22E7C7597A}.Release|Any CPU.ActiveCfg = Release|Any CPU
		{CFF29FB8-3A29-4997-9180-BB22E7C7597A}.Release|Any CPU.Build.0 = Release|Any CPU
		{5A3D1E2D-D95B-42DB-87A4-273D672EB72F}.Debug|Any CPU.ActiveCfg = Debug|Any CPU
		{5A3D1E2D-D95B-42DB-87A4-273D672EB72F}.Debug|Any CPU.Build.0 = Debug|Any CPU
		{5A3D1E2D-D95B-42DB-87A4-273D672EB72F}.Debug|Any CPU.Deploy.0 = Debug|Any CPU
		{5A3D1E2D-D95B-42DB-87A4-273D672EB72F}.Release|Any CPU.ActiveCfg = Release|Any CPU
		{5A3D1E2D-D95B-42DB-87A4-273D672EB72F}.Release|Any CPU.Build.0 = Release|Any CPU
		{5A3D1E2D-D95B-42DB-87A4-273D672EB72F}.Release|Any CPU.Deploy.0 = Release|Any CPU
	EndGlobalSection
	GlobalSection(SolutionProperties) = preSolution
		HideSolutionNode = FALSE
	EndGlobalSection
	GlobalSection(ExtensibilityGlobals) = postSolution
		SolutionGuid = {4A5883CC-924A-4BA2-9B49-C1C6DD2A6888}
	EndGlobalSection
EndGlobal
